
Microsoft Visual Studio Solution File, Format Version 12.00
# Visual Studio 2013
VisualStudioVersion = 12.0.30723.0
MinimumVisualStudioVersion = 10.0.40219.1
Project("{2150E333-8FDC-42A3-9474-1A3956D46DE8}") = "Business", "Business", "{AA19BD2B-19BB-49DC-BBEA-3C46BCDE6186}"
EndProject
Project("{2150E333-8FDC-42A3-9474-1A3956D46DE8}") = "Client", "Client", "{AB096608-3C34-4ACB-AF3C-67084419609F}"
EndProject
Project("{FAE04EC0-301F-11D3-BF4B-00C04F79EFBC}") = "MyPlace.Business.Entities", "MyPlace.Business.Entities\MyPlace.Business.Entities.csproj", "{FF56C824-125D-46D2-AE8C-1FF08812C021}"
EndProject
Project("{FAE04EC0-301F-11D3-BF4B-00C04F79EFBC}") = "MyPlace.Client.Entities", "MyPlace.Client.Entities\MyPlace.Client.Entities.csproj", "{AC8C8FD1-AE98-4B7C-941E-511AAA925820}"
EndProject
Project("{2150E333-8FDC-42A3-9474-1A3956D46DE8}") = "Core", "Core", "{0BD73C8E-1FF1-4D02-8B76-D9E2F04BE0F1}"
EndProject
Project("{FAE04EC0-301F-11D3-BF4B-00C04F79EFBC}") = "Core.Common", "Core.Common\Core.Common.csproj", "{41DE9728-0F90-49DA-850A-2F9BECBD2771}"
EndProject
Project("{FAE04EC0-301F-11D3-BF4B-00C04F79EFBC}") = "Core.Common.Contracts", "Core.Common.Contracts\Core.Common.Contracts.csproj", "{6CF4CCC8-DB40-41FE-943F-DC4899FDE9D0}"
EndProject
Project("{2150E333-8FDC-42A3-9474-1A3956D46DE8}") = "Tests", "Tests", "{3E1610AA-EA4F-4AA5-92A5-24D156EA2B97}"
EndProject
Project("{FAE04EC0-301F-11D3-BF4B-00C04F79EFBC}") = "Core.Common.Tests", "Core.Common.Tests\Core.Common.Tests.csproj", "{E17751E0-0A2F-42E5-BD30-2CCEA325E887}"
EndProject
Project("{2150E333-8FDC-42A3-9474-1A3956D46DE8}") = "ResourceAccess", "ResourceAccess", "{B4E6A66B-B524-402D-92CF-6738B798B01A}"
EndProject
Project("{FAE04EC0-301F-11D3-BF4B-00C04F79EFBC}") = "MyPlace.Data", "MyPlace.Data\MyPlace.Data.csproj", "{2409E773-4B76-4EB3-BD81-FB63A1753FDB}"
EndProject
Project("{FAE04EC0-301F-11D3-BF4B-00C04F79EFBC}") = "MyPlace.Data.Contracts", "MyPlace.Data.Contracts\MyPlace.Data.Contracts.csproj", "{A93336A7-CA6F-4642-A120-35A0FFBE2773}"
EndProject
Project("{FAE04EC0-301F-11D3-BF4B-00C04F79EFBC}") = "MyPlace.Data.Tests", "MyPlace.Data.Tests\MyPlace.Data.Tests.csproj", "{D600FB31-B990-4E20-AF95-1C974C923EDE}"
EndProject
Project("{FAE04EC0-301F-11D3-BF4B-00C04F79EFBC}") = "MyPlace.Business.Bootstrapper", "MyPlace.Business.Bootstrapper\MyPlace.Business.Bootstrapper.csproj", "{C672E92C-F61A-4141-A5F5-3EBDC5750154}"
EndProject
Project("{FAE04EC0-301F-11D3-BF4B-00C04F79EFBC}") = "MyPlace.Business.Contracts", "MyPlace.Business.Contracts\MyPlace.Business.Contracts.csproj", "{FF604543-8166-42C8-B372-7593DE3DA938}"
EndProject
Project("{FAE04EC0-301F-11D3-BF4B-00C04F79EFBC}") = "MyPlace.Business.Managers", "MyPlace.Business.Managers\MyPlace.Business.Managers.csproj", "{62BDF273-7592-436E-9E08-7EA9D812CF39}"
EndProject
Project("{FAE04EC0-301F-11D3-BF4B-00C04F79EFBC}") = "MyPlace.Client.Contracts", "MyPlace.Client.Contracts\MyPlace.Client.Contracts.csproj", "{2240AEA4-89F8-4322-BD88-93459BD0D061}"
EndProject
Project("{FAE04EC0-301F-11D3-BF4B-00C04F79EFBC}") = "MyPlace.Business", "MyPlace.Business\MyPlace.Business.csproj", "{ABE4511C-FC6F-444A-B4B1-1E4CE4C1F07F}"
EndProject
Project("{FAE04EC0-301F-11D3-BF4B-00C04F79EFBC}") = "MyPlace.Business.Common", "MyPlace.Business.Common\MyPlace.Business.Common.csproj", "{3A7F72EE-23B8-41B9-BC4E-BC99526C2898}"
EndProject
Project("{FAE04EC0-301F-11D3-BF4B-00C04F79EFBC}") = "Core.Common.ServiceModel", "Core.Common.ServiceModel\Core.Common.ServiceModel.csproj", "{88B46BC6-A55D-472D-B8A1-DFD28B93BA85}"
EndProject
Project("{FAE04EC0-301F-11D3-BF4B-00C04F79EFBC}") = "MyPlace.Business.Tests", "MyPlace.Business.Tests\MyPlace.Business.Tests.csproj", "{5A559153-6DA7-4E6B-A0C4-D643FB2399F2}"
EndProject
Project("{FAE04EC0-301F-11D3-BF4B-00C04F79EFBC}") = "MyPlace.Business.Managers.Tests", "MyPlace.Business.Managers.Tests\MyPlace.Business.Managers.Tests.csproj", "{FF36A7F1-0CD0-4530-BDF8-91AB5F02C056}"
EndProject
Project("{2150E333-8FDC-42A3-9474-1A3956D46DE8}") = "Hosting", "Hosting", "{5219D4AA-BE86-45FC-8690-0143CE6A2631}"
EndProject
Project("{FAE04EC0-301F-11D3-BF4B-00C04F79EFBC}") = "MyPlace.ServiceHost.Console", "MyPlace.ServiceHost.Console\MyPlace.ServiceHost.Console.csproj", "{85BBAD31-411F-4538-9AC9-A3460D2544F0}"
EndProject
Project("{FAE04EC0-301F-11D3-BF4B-00C04F79EFBC}") = "MyPlace.ServiceHost.Tests", "MyPlace.ServiceHost.Tests\MyPlace.ServiceHost.Tests.csproj", "{502A1690-8B57-45A2-908D-277EA1BA7403}"
EndProject
Project("{FAE04EC0-301F-11D3-BF4B-00C04F79EFBC}") = "MyPlace.Client.Proxies", "MyPlace.Client.Proxies\MyPlace.Client.Proxies.csproj", "{289670CB-58AF-4739-92C8-798C131F8F70}"
EndProject
Project("{FAE04EC0-301F-11D3-BF4B-00C04F79EFBC}") = "MyPlace.Client.Bootstrapper", "MyPlace.Client.Bootstrapper\MyPlace.Client.Bootstrapper.csproj", "{22512D3E-A88D-44A1-A50E-110376B0AF83}"
EndProject
Project("{FAE04EC0-301F-11D3-BF4B-00C04F79EFBC}") = "MyPlace.Client.Proxies.Tests", "MyPlace.Client.Proxies.Tests\MyPlace.Client.Proxies.Tests.csproj", "{9847FCA3-1FA5-4050-A20E-C719133EBC8B}"
EndProject
Project("{FAE04EC0-301F-11D3-BF4B-00C04F79EFBC}") = "MyPlace.Web", "MyPlace.Web\MyPlace.Web.csproj", "{8EADA8AF-502B-495C-ABB8-C51140DCD0E5}"
EndProject
Global
	GlobalSection(SolutionConfigurationPlatforms) = preSolution
		Debug|Any CPU = Debug|Any CPU
		Release|Any CPU = Release|Any CPU
	EndGlobalSection
	GlobalSection(ProjectConfigurationPlatforms) = postSolution
		{FF56C824-125D-46D2-AE8C-1FF08812C021}.Debug|Any CPU.ActiveCfg = Debug|Any CPU
		{FF56C824-125D-46D2-AE8C-1FF08812C021}.Debug|Any CPU.Build.0 = Debug|Any CPU
		{FF56C824-125D-46D2-AE8C-1FF08812C021}.Release|Any CPU.ActiveCfg = Release|Any CPU
		{FF56C824-125D-46D2-AE8C-1FF08812C021}.Release|Any CPU.Build.0 = Release|Any CPU
		{AC8C8FD1-AE98-4B7C-941E-511AAA925820}.Debug|Any CPU.ActiveCfg = Debug|Any CPU
		{AC8C8FD1-AE98-4B7C-941E-511AAA925820}.Debug|Any CPU.Build.0 = Debug|Any CPU
		{AC8C8FD1-AE98-4B7C-941E-511AAA925820}.Release|Any CPU.ActiveCfg = Release|Any CPU
		{AC8C8FD1-AE98-4B7C-941E-511AAA925820}.Release|Any CPU.Build.0 = Release|Any CPU
		{41DE9728-0F90-49DA-850A-2F9BECBD2771}.Debug|Any CPU.ActiveCfg = Debug|Any CPU
		{41DE9728-0F90-49DA-850A-2F9BECBD2771}.Debug|Any CPU.Build.0 = Debug|Any CPU
		{41DE9728-0F90-49DA-850A-2F9BECBD2771}.Release|Any CPU.ActiveCfg = Release|Any CPU
		{41DE9728-0F90-49DA-850A-2F9BECBD2771}.Release|Any CPU.Build.0 = Release|Any CPU
		{6CF4CCC8-DB40-41FE-943F-DC4899FDE9D0}.Debug|Any CPU.ActiveCfg = Debug|Any CPU
		{6CF4CCC8-DB40-41FE-943F-DC4899FDE9D0}.Debug|Any CPU.Build.0 = Debug|Any CPU
		{6CF4CCC8-DB40-41FE-943F-DC4899FDE9D0}.Release|Any CPU.ActiveCfg = Release|Any CPU
		{6CF4CCC8-DB40-41FE-943F-DC4899FDE9D0}.Release|Any CPU.Build.0 = Release|Any CPU
		{E17751E0-0A2F-42E5-BD30-2CCEA325E887}.Debug|Any CPU.ActiveCfg = Debug|Any CPU
		{E17751E0-0A2F-42E5-BD30-2CCEA325E887}.Debug|Any CPU.Build.0 = Debug|Any CPU
		{E17751E0-0A2F-42E5-BD30-2CCEA325E887}.Release|Any CPU.ActiveCfg = Release|Any CPU
		{E17751E0-0A2F-42E5-BD30-2CCEA325E887}.Release|Any CPU.Build.0 = Release|Any CPU
		{2409E773-4B76-4EB3-BD81-FB63A1753FDB}.Debug|Any CPU.ActiveCfg = Debug|Any CPU
		{2409E773-4B76-4EB3-BD81-FB63A1753FDB}.Debug|Any CPU.Build.0 = Debug|Any CPU
		{2409E773-4B76-4EB3-BD81-FB63A1753FDB}.Release|Any CPU.ActiveCfg = Release|Any CPU
		{2409E773-4B76-4EB3-BD81-FB63A1753FDB}.Release|Any CPU.Build.0 = Release|Any CPU
		{A93336A7-CA6F-4642-A120-35A0FFBE2773}.Debug|Any CPU.ActiveCfg = Debug|Any CPU
		{A93336A7-CA6F-4642-A120-35A0FFBE2773}.Debug|Any CPU.Build.0 = Debug|Any CPU
		{A93336A7-CA6F-4642-A120-35A0FFBE2773}.Release|Any CPU.ActiveCfg = Release|Any CPU
		{A93336A7-CA6F-4642-A120-35A0FFBE2773}.Release|Any CPU.Build.0 = Release|Any CPU
		{D600FB31-B990-4E20-AF95-1C974C923EDE}.Debug|Any CPU.ActiveCfg = Debug|Any CPU
		{D600FB31-B990-4E20-AF95-1C974C923EDE}.Debug|Any CPU.Build.0 = Debug|Any CPU
		{D600FB31-B990-4E20-AF95-1C974C923EDE}.Release|Any CPU.ActiveCfg = Release|Any CPU
		{D600FB31-B990-4E20-AF95-1C974C923EDE}.Release|Any CPU.Build.0 = Release|Any CPU
		{C672E92C-F61A-4141-A5F5-3EBDC5750154}.Debug|Any CPU.ActiveCfg = Debug|Any CPU
		{C672E92C-F61A-4141-A5F5-3EBDC5750154}.Debug|Any CPU.Build.0 = Debug|Any CPU
		{C672E92C-F61A-4141-A5F5-3EBDC5750154}.Release|Any CPU.ActiveCfg = Release|Any CPU
		{C672E92C-F61A-4141-A5F5-3EBDC5750154}.Release|Any CPU.Build.0 = Release|Any CPU
		{FF604543-8166-42C8-B372-7593DE3DA938}.Debug|Any CPU.ActiveCfg = Debug|Any CPU
		{FF604543-8166-42C8-B372-7593DE3DA938}.Debug|Any CPU.Build.0 = Debug|Any CPU
		{FF604543-8166-42C8-B372-7593DE3DA938}.Release|Any CPU.ActiveCfg = Release|Any CPU
		{FF604543-8166-42C8-B372-7593DE3DA938}.Release|Any CPU.Build.0 = Release|Any CPU
		{62BDF273-7592-436E-9E08-7EA9D812CF39}.Debug|Any CPU.ActiveCfg = Debug|Any CPU
		{62BDF273-7592-436E-9E08-7EA9D812CF39}.Debug|Any CPU.Build.0 = Debug|Any CPU
		{62BDF273-7592-436E-9E08-7EA9D812CF39}.Release|Any CPU.ActiveCfg = Release|Any CPU
		{62BDF273-7592-436E-9E08-7EA9D812CF39}.Release|Any CPU.Build.0 = Release|Any CPU
		{2240AEA4-89F8-4322-BD88-93459BD0D061}.Debug|Any CPU.ActiveCfg = Debug|Any CPU
		{2240AEA4-89F8-4322-BD88-93459BD0D061}.Debug|Any CPU.Build.0 = Debug|Any CPU
		{2240AEA4-89F8-4322-BD88-93459BD0D061}.Release|Any CPU.ActiveCfg = Release|Any CPU
		{2240AEA4-89F8-4322-BD88-93459BD0D061}.Release|Any CPU.Build.0 = Release|Any CPU
		{ABE4511C-FC6F-444A-B4B1-1E4CE4C1F07F}.Debug|Any CPU.ActiveCfg = Debug|Any CPU
		{ABE4511C-FC6F-444A-B4B1-1E4CE4C1F07F}.Debug|Any CPU.Build.0 = Debug|Any CPU
		{ABE4511C-FC6F-444A-B4B1-1E4CE4C1F07F}.Release|Any CPU.ActiveCfg = Release|Any CPU
		{ABE4511C-FC6F-444A-B4B1-1E4CE4C1F07F}.Release|Any CPU.Build.0 = Release|Any CPU
		{3A7F72EE-23B8-41B9-BC4E-BC99526C2898}.Debug|Any CPU.ActiveCfg = Debug|Any CPU
		{3A7F72EE-23B8-41B9-BC4E-BC99526C2898}.Debug|Any CPU.Build.0 = Debug|Any CPU
		{3A7F72EE-23B8-41B9-BC4E-BC99526C2898}.Release|Any CPU.ActiveCfg = Release|Any CPU
		{3A7F72EE-23B8-41B9-BC4E-BC99526C2898}.Release|Any CPU.Build.0 = Release|Any CPU
		{88B46BC6-A55D-472D-B8A1-DFD28B93BA85}.Debug|Any CPU.ActiveCfg = Debug|Any CPU
		{88B46BC6-A55D-472D-B8A1-DFD28B93BA85}.Debug|Any CPU.Build.0 = Debug|Any CPU
		{88B46BC6-A55D-472D-B8A1-DFD28B93BA85}.Release|Any CPU.ActiveCfg = Release|Any CPU
		{88B46BC6-A55D-472D-B8A1-DFD28B93BA85}.Release|Any CPU.Build.0 = Release|Any CPU
		{5A559153-6DA7-4E6B-A0C4-D643FB2399F2}.Debug|Any CPU.ActiveCfg = Debug|Any CPU
		{5A559153-6DA7-4E6B-A0C4-D643FB2399F2}.Debug|Any CPU.Build.0 = Debug|Any CPU
		{5A559153-6DA7-4E6B-A0C4-D643FB2399F2}.Release|Any CPU.ActiveCfg = Release|Any CPU
		{5A559153-6DA7-4E6B-A0C4-D643FB2399F2}.Release|Any CPU.Build.0 = Release|Any CPU
		{FF36A7F1-0CD0-4530-BDF8-91AB5F02C056}.Debug|Any CPU.ActiveCfg = Debug|Any CPU
		{FF36A7F1-0CD0-4530-BDF8-91AB5F02C056}.Debug|Any CPU.Build.0 = Debug|Any CPU
		{FF36A7F1-0CD0-4530-BDF8-91AB5F02C056}.Release|Any CPU.ActiveCfg = Release|Any CPU
		{FF36A7F1-0CD0-4530-BDF8-91AB5F02C056}.Release|Any CPU.Build.0 = Release|Any CPU
		{85BBAD31-411F-4538-9AC9-A3460D2544F0}.Debug|Any CPU.ActiveCfg = Debug|Any CPU
		{85BBAD31-411F-4538-9AC9-A3460D2544F0}.Debug|Any CPU.Build.0 = Debug|Any CPU
		{85BBAD31-411F-4538-9AC9-A3460D2544F0}.Release|Any CPU.ActiveCfg = Release|Any CPU
		{85BBAD31-411F-4538-9AC9-A3460D2544F0}.Release|Any CPU.Build.0 = Release|Any CPU
		{502A1690-8B57-45A2-908D-277EA1BA7403}.Debug|Any CPU.ActiveCfg = Debug|Any CPU
		{502A1690-8B57-45A2-908D-277EA1BA7403}.Debug|Any CPU.Build.0 = Debug|Any CPU
		{502A1690-8B57-45A2-908D-277EA1BA7403}.Release|Any CPU.ActiveCfg = Release|Any CPU
		{502A1690-8B57-45A2-908D-277EA1BA7403}.Release|Any CPU.Build.0 = Release|Any CPU
		{289670CB-58AF-4739-92C8-798C131F8F70}.Debug|Any CPU.ActiveCfg = Debug|Any CPU
		{289670CB-58AF-4739-92C8-798C131F8F70}.Debug|Any CPU.Build.0 = Debug|Any CPU
		{289670CB-58AF-4739-92C8-798C131F8F70}.Release|Any CPU.ActiveCfg = Release|Any CPU
		{289670CB-58AF-4739-92C8-798C131F8F70}.Release|Any CPU.Build.0 = Release|Any CPU
		{22512D3E-A88D-44A1-A50E-110376B0AF83}.Debug|Any CPU.ActiveCfg = Debug|Any CPU
		{22512D3E-A88D-44A1-A50E-110376B0AF83}.Debug|Any CPU.Build.0 = Debug|Any CPU
		{22512D3E-A88D-44A1-A50E-110376B0AF83}.Release|Any CPU.ActiveCfg = Release|Any CPU
		{22512D3E-A88D-44A1-A50E-110376B0AF83}.Release|Any CPU.Build.0 = Release|Any CPU
		{9847FCA3-1FA5-4050-A20E-C719133EBC8B}.Debug|Any CPU.ActiveCfg = Debug|Any CPU
		{9847FCA3-1FA5-4050-A20E-C719133EBC8B}.Debug|Any CPU.Build.0 = Debug|Any CPU
		{9847FCA3-1FA5-4050-A20E-C719133EBC8B}.Release|Any CPU.ActiveCfg = Release|Any CPU
		{9847FCA3-1FA5-4050-A20E-C719133EBC8B}.Release|Any CPU.Build.0 = Release|Any CPU
		{8EADA8AF-502B-495C-ABB8-C51140DCD0E5}.Debug|Any CPU.ActiveCfg = Debug|Any CPU
		{8EADA8AF-502B-495C-ABB8-C51140DCD0E5}.Debug|Any CPU.Build.0 = Debug|Any CPU
		{8EADA8AF-502B-495C-ABB8-C51140DCD0E5}.Release|Any CPU.ActiveCfg = Release|Any CPU
		{8EADA8AF-502B-495C-ABB8-C51140DCD0E5}.Release|Any CPU.Build.0 = Release|Any CPU
	EndGlobalSection
	GlobalSection(SolutionProperties) = preSolution
		HideSolutionNode = FALSE
	EndGlobalSection
	GlobalSection(NestedProjects) = preSolution
		{FF56C824-125D-46D2-AE8C-1FF08812C021} = {AA19BD2B-19BB-49DC-BBEA-3C46BCDE6186}
		{AC8C8FD1-AE98-4B7C-941E-511AAA925820} = {AB096608-3C34-4ACB-AF3C-67084419609F}
		{41DE9728-0F90-49DA-850A-2F9BECBD2771} = {0BD73C8E-1FF1-4D02-8B76-D9E2F04BE0F1}
		{6CF4CCC8-DB40-41FE-943F-DC4899FDE9D0} = {0BD73C8E-1FF1-4D02-8B76-D9E2F04BE0F1}
		{E17751E0-0A2F-42E5-BD30-2CCEA325E887} = {3E1610AA-EA4F-4AA5-92A5-24D156EA2B97}
		{2409E773-4B76-4EB3-BD81-FB63A1753FDB} = {B4E6A66B-B524-402D-92CF-6738B798B01A}
		{A93336A7-CA6F-4642-A120-35A0FFBE2773} = {B4E6A66B-B524-402D-92CF-6738B798B01A}
		{D600FB31-B990-4E20-AF95-1C974C923EDE} = {3E1610AA-EA4F-4AA5-92A5-24D156EA2B97}
		{C672E92C-F61A-4141-A5F5-3EBDC5750154} = {AA19BD2B-19BB-49DC-BBEA-3C46BCDE6186}
		{FF604543-8166-42C8-B372-7593DE3DA938} = {AA19BD2B-19BB-49DC-BBEA-3C46BCDE6186}
		{62BDF273-7592-436E-9E08-7EA9D812CF39} = {AA19BD2B-19BB-49DC-BBEA-3C46BCDE6186}
		{2240AEA4-89F8-4322-BD88-93459BD0D061} = {AB096608-3C34-4ACB-AF3C-67084419609F}
		{ABE4511C-FC6F-444A-B4B1-1E4CE4C1F07F} = {AA19BD2B-19BB-49DC-BBEA-3C46BCDE6186}
		{3A7F72EE-23B8-41B9-BC4E-BC99526C2898} = {AA19BD2B-19BB-49DC-BBEA-3C46BCDE6186}
		{88B46BC6-A55D-472D-B8A1-DFD28B93BA85} = {0BD73C8E-1FF1-4D02-8B76-D9E2F04BE0F1}
		{5A559153-6DA7-4E6B-A0C4-D643FB2399F2} = {3E1610AA-EA4F-4AA5-92A5-24D156EA2B97}
		{FF36A7F1-0CD0-4530-BDF8-91AB5F02C056} = {3E1610AA-EA4F-4AA5-92A5-24D156EA2B97}
		{85BBAD31-411F-4538-9AC9-A3460D2544F0} = {5219D4AA-BE86-45FC-8690-0143CE6A2631}
		{502A1690-8B57-45A2-908D-277EA1BA7403} = {3E1610AA-EA4F-4AA5-92A5-24D156EA2B97}
		{289670CB-58AF-4739-92C8-798C131F8F70} = {AB096608-3C34-4ACB-AF3C-67084419609F}
		{22512D3E-A88D-44A1-A50E-110376B0AF83} = {AB096608-3C34-4ACB-AF3C-67084419609F}
		{9847FCA3-1FA5-4050-A20E-C719133EBC8B} = {3E1610AA-EA4F-4AA5-92A5-24D156EA2B97}
		{8EADA8AF-502B-495C-ABB8-C51140DCD0E5} = {5219D4AA-BE86-45FC-8690-0143CE6A2631}
	EndGlobalSection
EndGlobal
